<Solution>
  <Project Path="Afrowave.CountriesTools.ReactiveUi.Desktop/Afrowave.CountriesTools.ReactiveUi.Desktop.csproj" />
  <Project Path="Afrowave.CountriesTools.ReactiveUi/Afrowave.CountriesTools.ReactiveUi.csproj" />
  <Project Path="AfrowaveCountriesTools.Consolonia/AfrowaveCountriesTools.Consolonia.csproj" Id="0cea891a-511e-4304-a84e-050125ff0d1f" />
  <Project Path="AfrowaveCountriesTools.Shared/AfrowaveCountriesTools.Shared.csproj" Id="9a067478-3f5b-4a4c-8a43-20c31bd4343e" />
</Solution>
